// !$*UTF8*$!
{
	archiveVersion = 1;
	classes = {
	};
	objectVersion = 50;
	objects = {

/* Begin PBXBuildFile section */
		F99A9FFB20C04E4C00D7C3EF /* AppDelegate.swift in Sources */ = {isa = PBXBuildFile; fileRef = F99A9FFA20C04E4C00D7C3EF /* AppDelegate.swift */; };
		F99A9FFD20C04E4C00D7C3EF /* ViewController.swift in Sources */ = {isa = PBXBuildFile; fileRef = F99A9FFC20C04E4C00D7C3EF /* ViewController.swift */; };
		F99AA00020C04E4C00D7C3EF /* Main.storyboard in Resources */ = {isa = PBXBuildFile; fileRef = F99A9FFE20C04E4C00D7C3EF /* Main.storyboard */; };
		F99AA00320C04E4C00D7C3EF /* ClassKitDemo.xcdatamodeld in Sources */ = {isa = PBXBuildFile; fileRef = F99AA00120C04E4C00D7C3EF /* ClassKitDemo.xcdatamodeld */; };
		F99AA00520C04E5A00D7C3EF /* Assets.xcassets in Resources */ = {isa = PBXBuildFile; fileRef = F99AA00420C04E5A00D7C3EF /* Assets.xcassets */; };
		F99AA00820C04E5A00D7C3EF /* LaunchScreen.storyboard in Resources */ = {isa = PBXBuildFile; fileRef = F99AA00620C04E5A00D7C3EF /* LaunchScreen.storyboard */; };
		F99AA01320C04E5A00D7C3EF /* ClassKitDemoTests.swift in Sources */ = {isa = PBXBuildFile; fileRef = F99AA01220C04E5A00D7C3EF /* ClassKitDemoTests.swift */; };
/* End PBXBuildFile section */

/* Begin PBXContainerItemProxy section */
		F99AA00F20C04E5A00D7C3EF /* PBXContainerItemProxy */ = {
			isa = PBXContainerItemProxy;
			containerPortal = F99A9FEF20C04E4B00D7C3EF /* Project object */;
			proxyType = 1;
			remoteGlobalIDString = F99A9FF620C04E4C00D7C3EF;
			remoteInfo = ClassKitDemo;
		};
/* End PBXContainerItemProxy section */

/* Begin PBXFileReference section */
		F99A9FF720C04E4C00D7C3EF /* ClassKitDemo.app */ = {isa = PBXFileReference; explicitFileType = wrapper.application; includeInIndex = 0; path = ClassKitDemo.app; sourceTree = BUILT_PRODUCTS_DIR; };
		F99A9FFA20C04E4C00D7C3EF /* AppDelegate.swift */ = {isa = PBXFileReference; lastKnownFileType = sourcecode.swift; path = AppDelegate.swift; sourceTree = "<group>"; };
		F99A9FFC20C04E4C00D7C3EF /* ViewController.swift */ = {isa = PBXFileReference; lastKnownFileType = sourcecode.swift; path = ViewController.swift; sourceTree = "<group>"; };
		F99A9FFF20C04E4C00D7C3EF /* Base */ = {isa = PBXFileReference; lastKnownFileType = file.storyboard; name = Base; path = Base.lproj/Main.storyboard; sourceTree = "<group>"; };
		F99AA00220C04E4C00D7C3EF /* ClassKitDemo.xcdatamodel */ = {isa = PBXFileReference; lastKnownFileType = wrapper.xcdatamodel; path = ClassKitDemo.xcdatamodel; sourceTree = "<group>"; };
		F99AA00420C04E5A00D7C3EF /* Assets.xcassets */ = {isa = PBXFileReference; lastKnownFileType = folder.assetcatalog; path = Assets.xcassets; sourceTree = "<group>"; };
		F99AA00720C04E5A00D7C3EF /* Base */ = {isa = PBXFileReference; lastKnownFileType = file.storyboard; name = Base; path = Base.lproj/LaunchScreen.storyboard; sourceTree = "<group>"; };
		F99AA00920C04E5A00D7C3EF /* Info.plist */ = {isa = PBXFileReference; lastKnownFileType = text.plist.xml; path = Info.plist; sourceTree = "<group>"; };
		F99AA00E20C04E5A00D7C3EF /* ClassKitDemoTests.xctest */ = {isa = PBXFileReference; explicitFileType = wrapper.cfbundle; includeInIndex = 0; path = ClassKitDemoTests.xctest; sourceTree = BUILT_PRODUCTS_DIR; };
		F99AA01220C04E5A00D7C3EF /* ClassKitDemoTests.swift */ = {isa = PBXFileReference; lastKnownFileType = sourcecode.swift; path = ClassKitDemoTests.swift; sourceTree = "<group>"; };
		F99AA01420C04E5A00D7C3EF /* Info.plist */ = {isa = PBXFileReference; lastKnownFileType = text.plist.xml; path = Info.plist; sourceTree = "<group>"; };
/* End PBXFileReference section */

/* Begin PBXFrameworksBuildPhase section */
		F99A9FF420C04E4C00D7C3EF /* Frameworks */ = {
			isa = PBXFrameworksBuildPhase;
			buildActionMask = 2147483647;
			files = (
			);
			runOnlyForDeploymentPostprocessing = 0;
		};
		F99AA00B20C04E5A00D7C3EF /* Frameworks */ = {
			isa = PBXFrameworksBuildPhase;
			buildActionMask = 2147483647;
			files = (
			);
			runOnlyForDeploymentPostprocessing = 0;
		};
/* End PBXFrameworksBuildPhase section */

/* Begin PBXGroup section */
		F99A9FEE20C04E4B00D7C3EF = {
			isa = PBXGroup;
			children = (
				F99A9FF920C04E4C00D7C3EF /* ClassKitDemo */,
				F99AA01120C04E5A00D7C3EF /* ClassKitDemoTests */,
				F99A9FF820C04E4C00D7C3EF /* Products */,
			);
			sourceTree = "<group>";
		};
		F99A9FF820C04E4C00D7C3EF /* Products */ = {
			isa = PBXGroup;
			children = (
				F99A9FF720C04E4C00D7C3EF /* ClassKitDemo.app */,
				F99AA00E20C04E5A00D7C3EF /* ClassKitDemoTests.xctest */,
			);
			name = Products;
			sourceTree = "<group>";
		};
		F99A9FF920C04E4C00D7C3EF /* ClassKitDemo */ = {
			isa = PBXGroup;
			children = (
				F99A9FFA20C04E4C00D7C3EF /* AppDelegate.swift */,
				F99A9FFC20C04E4C00D7C3EF /* ViewController.swift */,
				F99A9FFE20C04E4C00D7C3EF /* Main.storyboard */,
				F99AA00420C04E5A00D7C3EF /* Assets.xcassets */,
				F99AA00620C04E5A00D7C3EF /* LaunchScreen.storyboard */,
				F99AA00920C04E5A00D7C3EF /* Info.plist */,
				F99AA00120C04E4C00D7C3EF /* ClassKitDemo.xcdatamodeld */,
			);
			path = ClassKitDemo;
			sourceTree = "<group>";
		};
		F99AA01120C04E5A00D7C3EF /* ClassKitDemoTests */ = {
			isa = PBXGroup;
			children = (
				F99AA01220C04E5A00D7C3EF /* ClassKitDemoTests.swift */,
				F99AA01420C04E5A00D7C3EF /* Info.plist */,
			);
			path = ClassKitDemoTests;
			sourceTree = "<group>";
		};
/* End PBXGroup section */

/* Begin PBXNativeTarget section */
		F99A9FF620C04E4C00D7C3EF /* ClassKitDemo */ = {
			isa = PBXNativeTarget;
			buildConfigurationList = F99AA01720C04E5A00D7C3EF /* Build configuration list for PBXNativeTarget "ClassKitDemo" */;
			buildPhases = (
				F99A9FF320C04E4C00D7C3EF /* Sources */,
				F99A9FF420C04E4C00D7C3EF /* Frameworks */,
				F99A9FF520C04E4C00D7C3EF /* Resources */,
			);
			buildRules = (
			);
			dependencies = (
			);
			name = ClassKitDemo;
			productName = ClassKitDemo;
			productReference = F99A9FF720C04E4C00D7C3EF /* ClassKitDemo.app */;
			productType = "com.apple.product-type.application";
		};
		F99AA00D20C04E5A00D7C3EF /* ClassKitDemoTests */ = {
			isa = PBXNativeTarget;
			buildConfigurationList = F99AA01A20C04E5A00D7C3EF /* Build configuration list for PBXNativeTarget "ClassKitDemoTests" */;
			buildPhases = (
				F99AA00A20C04E5A00D7C3EF /* Sources */,
				F99AA00B20C04E5A00D7C3EF /* Frameworks */,
				F99AA00C20C04E5A00D7C3EF /* Resources */,
			);
			buildRules = (
			);
			dependencies = (
				F99AA01020C04E5A00D7C3EF /* PBXTargetDependency */,
			);
			name = ClassKitDemoTests;
			productName = ClassKitDemoTests;
			productReference = F99AA00E20C04E5A00D7C3EF /* ClassKitDemoTests.xctest */;
			productType = "com.apple.product-type.bundle.unit-test";
		};
/* End PBXNativeTarget section */

/* Begin PBXProject section */
		F99A9FEF20C04E4B00D7C3EF /* Project object */ = {
			isa = PBXProject;
			attributes = {
				LastSwiftUpdateCheck = 0930;
				LastUpgradeCheck = 0930;
				ORGANIZATIONNAME = "Prajakta Kulkarni";
				TargetAttributes = {
					F99A9FF620C04E4C00D7C3EF = {
						CreatedOnToolsVersion = 9.3.1;
					};
					F99AA00D20C04E5A00D7C3EF = {
						CreatedOnToolsVersion = 9.3.1;
						TestTargetID = F99A9FF620C04E4C00D7C3EF;
					};
				};
			};
			buildConfigurationList = F99A9FF220C04E4B00D7C3EF /* Build configuration list for PBXProject "ClassKitDemo" */;
			compatibilityVersion = "Xcode 9.3";
			developmentRegion = en;
			hasScannedForEncodings = 0;
			knownRegions = (
				en,
				Base,
			);
			mainGroup = F99A9FEE20C04E4B00D7C3EF;
			productRefGroup = F99A9FF820C04E4C00D7C3EF /* Products */;
			projectDirPath = "";
			projectRoot = "";
			targets = (
				F99A9FF620C04E4C00D7C3EF /* ClassKitDemo */,
				F99AA00D20C04E5A00D7C3EF /* ClassKitDemoTests */,
			);
		};
/* End PBXProject section */

/* Begin PBXResourcesBuildPhase section */
		F99A9FF520C04E4C00D7C3EF /* Resources */ = {
			isa = PBXResourcesBuildPhase;
			buildActionMask = 2147483647;
			files = (
				F99AA00820C04E5A00D7C3EF /* LaunchScreen.storyboard in Resources */,
				F99AA00520C04E5A00D7C3EF /* Assets.xcassets in Resources */,
				F99AA00020C04E4C00D7C3EF /* Main.storyboard in Resources */,
			);
			runOnlyForDeploymentPostprocessing = 0;
		};
		F99AA00C20C04E5A00D7C3EF /* Resources */ = {
			isa = PBXResourcesBuildPhase;
			buildActionMask = 2147483647;
			files = (
			);
			runOnlyForDeploymentPostprocessing = 0;
		};
/* End PBXResourcesBuildPhase section */

/* Begin PBXSourcesBuildPhase section */
		F99A9FF320C04E4C00D7C3EF /* Sources */ = {
			isa = PBXSourcesBuildPhase;
			buildActionMask = 2147483647;
			files = (
				F99A9FFD20C04E4C00D7C3EF /* ViewController.swift in Sources */,
				F99A9FFB20C04E4C00D7C3EF /* AppDelegate.swift in Sources */,
				F99AA00320C04E4C00D7C3EF /* ClassKitDemo.xcdatamodeld in Sources */,
			);
			runOnlyForDeploymentPostprocessing = 0;
		};
		F99AA00A20C04E5A00D7C3EF /* Sources */ = {
			isa = PBXSourcesBuildPhase;
			buildActionMask = 2147483647;
			files = (
				F99AA01320C04E5A00D7C3EF /* ClassKitDemoTests.swift in Sources */,
			);
			runOnlyForDeploymentPostprocessing = 0;
		};
/* End PBXSourcesBuildPhase section */

/* Begin PBXTargetDependency section */
		F99AA01020C04E5A00D7C3EF /* PBXTargetDependency */ = {
			isa = PBXTargetDependency;
			target = F99A9FF620C04E4C00D7C3EF /* ClassKitDemo */;
			targetProxy = F99AA00F20C04E5A00D7C3EF /* PBXContainerItemProxy */;
		};
/* End PBXTargetDependency section */

/* Begin PBXVariantGroup section */
		F99A9FFE20C04E4C00D7C3EF /* Main.storyboard */ = {
			isa = PBXVariantGroup;
			children = (
				F99A9FFF20C04E4C00D7C3EF /* Base */,
			);
			name = Main.storyboard;
			sourceTree = "<group>";
		};
		F99AA00620C04E5A00D7C3EF /* LaunchScreen.storyboard */ = {
			isa = PBXVariantGroup;
			children = (
				F99AA00720C04E5A00D7C3EF /* Base */,
			);
			name = LaunchScreen.storyboard;
			sourceTree = "<group>";
		};
/* End PBXVariantGroup section */

/* Begin XCBuildConfiguration section */
		F99AA01520C04E5A00D7C3EF /* Debug */ = {
			isa = XCBuildConfiguration;
			buildSettings = {
				ALWAYS_SEARCH_USER_PATHS = NO;
				CLANG_ANALYZER_NONNULL = YES;
				CLANG_ANALYZER_NUMBER_OBJECT_CONVERSION = YES_AGGRESSIVE;
				CLANG_CXX_LANGUAGE_STANDARD = "gnu++14";
				CLANG_CXX_LIBRARY = "libc++";
				CLANG_ENABLE_MODULES = YES;
				CLANG_ENABLE_OBJC_ARC = YES;
				CLANG_ENABLE_OBJC_WEAK = YES;
				CLANG_WARN_BLOCK_CAPTURE_AUTORELEASING = YES;
				CLANG_WARN_BOOL_CONVERSION = YES;
				CLANG_WARN_COMMA = YES;
				CLANG_WARN_CONSTANT_CONVERSION = YES;
				CLANG_WARN_DEPRECATED_OBJC_IMPLEMENTATIONS = YES;
				CLANG_WARN_DIRECT_OBJC_ISA_USAGE = YES_ERROR;
				CLANG_WARN_DOCUMENTATION_COMMENTS = YES;
				CLANG_WARN_EMPTY_BODY = YES;
				CLANG_WARN_ENUM_CONVERSION = YES;
				CLANG_WARN_INFINITE_RECURSION = YES;
				CLANG_WARN_INT_CONVERSION = YES;
				CLANG_WARN_NON_LITERAL_NULL_CONVERSION = YES;
				CLANG_WARN_OBJC_IMPLICIT_RETAIN_SELF = YES;
				CLANG_WARN_OBJC_LITERAL_CONVERSION = YES;
				CLANG_WARN_OBJC_ROOT_CLASS = YES_ERROR;
				CLANG_WARN_RANGE_LOOP_ANALYSIS = YES;
				CLANG_WARN_STRICT_PROTOTYPES = YES;
				CLANG_WARN_SUSPICIOUS_MOVE = YES;
				CLANG_WARN_UNGUARDED_AVAILABILITY = YES_AGGRESSIVE;
				CLANG_WARN_UNREACHABLE_CODE = YES;
				CLANG_WARN__DUPLICATE_METHOD_MATCH = YES;
				CODE_SIGN_IDENTITY = "iPhone Developer";
				COPY_PHASE_STRIP = NO;
				DEBUG_INFORMATION_FORMAT = dwarf;
				ENABLE_STRICT_OBJC_MSGSEND = YES;
				ENABLE_TESTABILITY = YES;
				GCC_C_LANGUAGE_STANDARD = gnu11;
				GCC_DYNAMIC_NO_PIC = NO;
				GCC_NO_COMMON_BLOCKS = YES;
				GCC_OPTIMIZATION_LEVEL = 0;
				GCC_PREPROCESSOR_DEFINITIONS = (
					"DEBUG=1",
					"$(inherited)",
				);
				GCC_WARN_64_TO_32_BIT_CONVERSION = YES;
				GCC_WARN_ABOUT_RETURN_TYPE = YES_ERROR;
				GCC_WARN_UNDECLARED_SELECTOR = YES;
				GCC_WARN_UNINITIALIZED_AUTOS = YES_AGGRESSIVE;
				GCC_WARN_UNUSED_FUNCTION = YES;
				GCC_WARN_UNUSED_VARIABLE = YES;
				IPHONEOS_DEPLOYMENT_TARGET = 11.3;
				MTL_ENABLE_DEBUG_INFO = YES;
				ONLY_ACTIVE_ARCH = YES;
				SDKROOT = iphoneos;
				SWIFT_ACTIVE_COMPILATION_CONDITIONS = DEBUG;
				SWIFT_OPTIMIZATION_LEVEL = "-Onone";
			};
			name = Debug;
		};
		F99AA01620C04E5A00D7C3EF /* Release */ = {
			isa = XCBuildConfiguration;
			buildSettings = {
				ALWAYS_SEARCH_USER_PATHS = NO;
				CLANG_ANALYZER_NONNULL = YES;
				CLANG_ANALYZER_NUMBER_OBJECT_CONVERSION = YES_AGGRESSIVE;
				CLANG_CXX_LANGUAGE_STANDARD = "gnu++14";
				CLANG_CXX_LIBRARY = "libc++";
				CLANG_ENABLE_MODULES = YES;
				CLANG_ENABLE_OBJC_ARC = YES;
				CLANG_ENABLE_OBJC_WEAK = YES;
				CLANG_WARN_BLOCK_CAPTURE_AUTORELEASING = YES;
				CLANG_WARN_BOOL_CONVERSION = YES;
				CLANG_WARN_COMMA = YES;
				CLANG_WARN_CONSTANT_CONVERSION = YES;
				CLANG_WARN_DEPRECATED_OBJC_IMPLEMENTATIONS = YES;
				CLANG_WARN_DIRECT_OBJC_ISA_USAGE = YES_ERROR;
				CLANG_WARN_DOCUMENTATION_COMMENTS = YES;
				CLANG_WARN_EMPTY_BODY = YES;
				CLANG_WARN_ENUM_CONVERSION = YES;
				CLANG_WARN_INFINITE_RECURSION = YES;
				CLANG_WARN_INT_CONVERSION = YES;
				CLANG_WARN_NON_LITERAL_NULL_CONVERSION = YES;
				CLANG_WARN_OBJC_IMPLICIT_RETAIN_SELF = YES;
				CLANG_WARN_OBJC_LITERAL_CONVERSION = YES;
				CLANG_WARN_OBJC_ROOT_CLASS = YES_ERROR;
				CLANG_WARN_RANGE_LOOP_ANALYSIS = YES;
				CLANG_WARN_STRICT_PROTOTYPES = YES;
				CLANG_WARN_SUSPICIOUS_MOVE = YES;
				CLANG_WARN_UNGUARDED_AVAILABILITY = YES_AGGRESSIVE;
				CLANG_WARN_UNREACHABLE_CODE = YES;
				CLANG_WARN__DUPLICATE_METHOD_MATCH = YES;
				CODE_SIGN_IDENTITY = "iPhone Developer";
				COPY_PHASE_STRIP = NO;
				DEBUG_INFORMATION_FORMAT = "dwarf-with-dsym";
				ENABLE_NS_ASSERTIONS = NO;
				ENABLE_STRICT_OBJC_MSGSEND = YES;
				GCC_C_LANGUAGE_STANDARD = gnu11;
				GCC_NO_COMMON_BLOCKS = YES;
				GCC_WARN_64_TO_32_BIT_CONVERSION = YES;
				GCC_WARN_ABOUT_RETURN_TYPE = YES_ERROR;
				GCC_WARN_UNDECLARED_SELECTOR = YES;
				GCC_WARN_UNINITIALIZED_AUTOS = YES_AGGRESSIVE;
				GCC_WARN_UNUSED_FUNCTION = YES;
				GCC_WARN_UNUSED_VARIABLE = YES;
				IPHONEOS_DEPLOYMENT_TARGET = 11.3;
				MTL_ENABLE_DEBUG_INFO = NO;
				SDKROOT = iphoneos;
				SWIFT_COMPILATION_MODE = wholemodule;
				SWIFT_OPTIMIZATION_LEVEL = "-O";
				VALIDATE_PRODUCT = YES;
			};
			name = Release;
		};
		F99AA01820C04E5A00D7C3EF /* Debug */ = {
			isa = XCBuildConfiguration;
			buildSettings = {
				ASSETCATALOG_COMPILER_APPICON_NAME = AppIcon;
				CODE_SIGN_STYLE = Automatic;
				DEVELOPMENT_TEAM = 6AC44Z6PNA;
				INFOPLIST_FILE = ClassKitDemo/Info.plist;
				LD_RUNPATH_SEARCH_PATHS = (
					"$(inherited)",
					"@executable_path/Frameworks",
				);
				PRODUCT_BUNDLE_IDENTIFIER = com.pk.ClassKitDemo;
				PRODUCT_NAME = "$(TARGET_NAME)";
				SWIFT_VERSION = 4.0;
				TARGETED_DEVICE_FAMILY = "1,2";
			};
			name = Debug;
		};
		F99AA01920C04E5A00D7C3EF /* Release */ = {
			isa = XCBuildConfiguration;
			buildSettings = {
				ASSETCATALOG_COMPILER_APPICON_NAME = AppIcon;
				CODE_SIGN_STYLE = Automatic;
				DEVELOPMENT_TEAM = 6AC44Z6PNA;
				INFOPLIST_FILE = ClassKitDemo/Info.plist;
				LD_RUNPATH_SEARCH_PATHS = (
					"$(inherited)",
					"@executable_path/Frameworks",
				);
				PRODUCT_BUNDLE_IDENTIFIER = com.pk.ClassKitDemo;
				PRODUCT_NAME = "$(TARGET_NAME)";
				SWIFT_VERSION = 4.0;
				TARGETED_DEVICE_FAMILY = "1,2";
			};
			name = Release;
		};
		F99AA01B20C04E5A00D7C3EF /* Debug */ = {
			isa = XCBuildConfiguration;
			buildSettings = {
				ALWAYS_EMBED_SWIFT_STANDARD_LIBRARIES = YES;
				BUNDLE_LOADER = "$(TEST_HOST)";
				CODE_SIGN_STYLE = Automatic;
				DEVELOPMENT_TEAM = 6AC44Z6PNA;
				INFOPLIST_FILE = ClassKitDemoTests/Info.plist;
				LD_RUNPATH_SEARCH_PATHS = (
					"$(inherited)",
					"@executable_path/Frameworks",
					"@loader_path/Frameworks",
				);
				PRODUCT_BUNDLE_IDENTIFIER = com.pk.ClassKitDemoTests;
				PRODUCT_NAME = "$(TARGET_NAME)";
				SWIFT_VERSION = 4.0;
				TARGETED_DEVICE_FAMILY = "1,2";
				TEST_HOST = "$(BUILT_PRODUCTS_DIR)/ClassKitDemo.app/ClassKitDemo";
			};
			name = Debug;
		};
		F99AA01C20C04E5A00D7C3EF /* Release */ = {
			isa = XCBuildConfiguration;
			buildSettings = {
				ALWAYS_EMBED_SWIFT_STANDARD_LIBRARIES = YES;
				BUNDLE_LOADER = "$(TEST_HOST)";
				CODE_SIGN_STYLE = Automatic;
				DEVELOPMENT_TEAM = 6AC44Z6PNA;
				INFOPLIST_FILE = ClassKitDemoTests/Info.plist;
				LD_RUNPATH_SEARCH_PATHS = (
					"$(inherited)",
					"@executable_path/Frameworks",
					"@loader_path/Frameworks",
				);
				PRODUCT_BUNDLE_IDENTIFIER = com.pk.ClassKitDemoTests;
				PRODUCT_NAME = "$(TARGET_NAME)";
				SWIFT_VERSION = 4.0;
				TARGETED_DEVICE_FAMILY = "1,2";
				TEST_HOST = "$(BUILT_PRODUCTS_DIR)/ClassKitDemo.app/ClassKitDemo";
			};
			name = Release;
		};
/* End XCBuildConfiguration section */

/* Begin XCConfigurationList section */
		F99A9FF220C04E4B00D7C3EF /* Build configuration list for PBXProject "ClassKitDemo" */ = {
			isa = XCConfigurationList;
			buildConfigurations = (
				F99AA01520C04E5A00D7C3EF /* Debug */,
				F99AA01620C04E5A00D7C3EF /* Release */,
			);
			defaultConfigurationIsVisible = 0;
			defaultConfigurationName = Release;
		};
		F99AA01720C04E5A00D7C3EF /* Build configuration list for PBXNativeTarget "ClassKitDemo" */ = {
			isa = XCConfigurationList;
			buildConfigurations = (
				F99AA01820C04E5A00D7C3EF /* Debug */,
				F99AA01920C04E5A00D7C3EF /* Release */,
			);
			defaultConfigurationIsVisible = 0;
			defaultConfigurationName = Release;
		};
		F99AA01A20C04E5A00D7C3EF /* Build configuration list for PBXNativeTarget "ClassKitDemoTests" */ = {
			isa = XCConfigurationList;
			buildConfigurations = (
				F99AA01B20C04E5A00D7C3EF /* Debug */,
				F99AA01C20C04E5A00D7C3EF /* Release */,
			);
			defaultConfigurationIsVisible = 0;
			defaultConfigurationName = Release;
		};
/* End XCConfigurationList section */

/* Begin XCVersionGroup section */
		F99AA00120C04E4C00D7C3EF /* ClassKitDemo.xcdatamodeld */ = {
			isa = XCVersionGroup;
			children = (
				F99AA00220C04E4C00D7C3EF /* ClassKitDemo.xcdatamodel */,
			);
			currentVersion = F99AA00220C04E4C00D7C3EF /* ClassKitDemo.xcdatamodel */;
			path = ClassKitDemo.xcdatamodeld;
			sourceTree = "<group>";
			versionGroupType = wrapper.xcdatamodel;
		};
/* End XCVersionGroup section */
	};
	rootObject = F99A9FEF20C04E4B00D7C3EF /* Project object */;
}
